{
    "name": "foo",
    "version": "0.0.1",
    "lockfileVersion": 3,
    "requires": true,
    "packages": {
        "": {
            "name": "foo",
            "version": "0.0.1",
            "license": "Apache-2.0",
            "bin": {
                "foo": "build/main.js"
            },
            "devDependencies": {
                "@types/node": "^20.12.2",
                "typescript": "^5.4.3",
                "typescript-language-server": "^4.3.3"
            }
        },
        "node_modules/.pnpm/@types+node@20.12.2": {
            "extraneous": true
        },
        "node_modules/.pnpm/typescript-language-server@4.3.3": {
            "extraneous": true
        },
        "node_modules/.pnpm/typescript@5.4.3": {
            "extraneous": true
        },
        "node_modules/.pnpm/undici-types@5.26.5/node_modules/undici-types": {
            "version": "5.26.5",
            "extraneous": true,
            "license": "MIT"
        },
        "node_modules/.pnpm/vscode-jsonrpc@5.0.1/node_modules/vscode-jsonrpc": {
            "version": "5.0.1",
            "extraneous": true,
            "license": "MIT",
            "engines": {
                "node": ">=8.0.0 || >=10.0.0"
            }
        },
        "node_modules/.pnpm/vscode-jsonrpc@8.2.0/node_modules/vscode-jsonrpc": {
            "version": "8.2.0",
            "extraneous": true,
            "license": "MIT",
            "devDependencies": {
                "@types/msgpack-lite": "^0.1.7",
                "msgpack-lite": "^0.1.26"
            },
            "engines": {
                "node": ">=14.0.0"
            }
        },
        "node_modules/.pnpm/vscode-languageserver-protocol@3.17.5": {
            "extraneous": true
        },
        "node_modules/.pnpm/vscode-languageserver-types@3.17.5/node_modules/vscode-languageserver-types": {
            "version": "3.17.5",
            "extraneous": true,
            "license": "MIT"
        },
        "node_modules/@types/node": {
            "version": "20.12.2",
            "resolved": "https://registry.npmjs.org/@types/node/-/node-20.12.2.tgz",
            "integrity": "sha512-zQ0NYO87hyN6Xrclcqp7f8ZbXNbRfoGWNcMvHTPQp9UUrwI0mI7XBz+cu7/W6/VClYo2g63B0cjull/srU7LgQ==",
            "dev": true,
            "dependencies": {
                "undici-types": "~5.26.4"
            }
        },
        "node_modules/typescript": {
            "version": "5.4.3",
            "resolved": "https://registry.npmjs.org/typescript/-/typescript-5.4.3.tgz",
            "integrity": "sha512-KrPd3PKaCLr78MalgiwJnA25Nm8HAmdwN3mYUYZgG/wizIo9EainNVQI9/yDavtVFRN2h3k8uf3GLHuhDMgEHg==",
            "dev": true,
            "bin": {
                "tsc": "bin/tsc",
                "tsserver": "bin/tsserver"
            },
            "engines": {
                "node": ">=14.17"
            }
        },
        "node_modules/typescript-language-server": {
            "version": "4.3.3",
            "resolved": "https://registry.npmjs.org/typescript-language-server/-/typescript-language-server-4.3.3.tgz",
            "integrity": "sha512-3QLj57Ru9S6zv10sa4z1pA3TIR1Rdkd04Ke0EszbO4fx5PLdlYhlC/PMxwlyxls9wrZs7wPCME1Ru0s1Gabz4Q==",
            "dev": true,
            "bin": {
                "typescript-language-server": "lib/cli.mjs"
            },
            "engines": {
                "node": ">=18"
            }
        },
        "node_modules/undici-types": {
            "version": "5.26.5",
            "resolved": "https://registry.npmjs.org/undici-types/-/undici-types-5.26.5.tgz",
            "integrity": "sha512-JlCMO+ehdEIKqlFxk6IfVoAUVmgz7cU7zD/h9XZ0qzeosSHmUJVOzSQvvYSYWXkFXC+IfLKSIffhv0sVZup6pA==",
            "dev": true
        }
    }
}
